
Microsoft Visual Studio Solution File, Format Version 12.00
Project("{FAE04EC0-301F-11D3-BF4B-00C04F79EFBC}") = "Api", "Api\Api.csproj", "{F2211556-968E-4A63-88CE-0CC3CE07F33B}"
EndProject
Global
	GlobalSection(SolutionConfigurationPlatforms) = preSolution
		Debug|Any CPU = Debug|Any CPU
		Release|Any CPU = Release|Any CPU
	EndGlobalSection
	GlobalSection(ProjectConfigurationPlatforms) = postSolution
		{F2211556-968E-4A63-88CE-0CC3CE07F33B}.Debug|Any CPU.ActiveCfg = Debug|Any CPU
		{F2211556-968E-4A63-88CE-0CC3CE07F33B}.Debug|Any CPU.Build.0 = Debug|Any CPU
		{F2211556-968E-4A63-88CE-0CC3CE07F33B}.Release|Any CPU.ActiveCfg = Release|Any CPU
		{F2211556-968E-4A63-88CE-0CC3CE07F33B}.Release|Any CPU.Build.0 = Release|Any CPU
	EndGlobalSection
EndGlobal
